# This file is automatically @generated by Cargo.
# It is not intended for manual editing.
version = 3

[[package]]
name = "addr2line"
version = "0.16.0"
source = "registry+https://github.com/rust-lang/crates.io-index"
checksum = "3e61f2b7f93d2c7d2b08263acaa4a363b3e276806c68af6134c44f523bf1aacd"
dependencies = [
 "gimli",
]

[[package]]
name = "adler"
version = "1.0.2"
source = "registry+https://github.com/rust-lang/crates.io-index"
checksum = "f26201604c87b1e01bd3d98f8d5d9a8fcbb815e8cedb41ffccbeb4bf593a35fe"

[[package]]
name = "aho-corasick"
version = "0.7.18"
source = "registry+https://github.com/rust-lang/crates.io-index"
checksum = "1e37cfd5e7657ada45f742d6e99ca5788580b5c529dc78faf11ece6dc702656f"
dependencies = [
 "memchr",
]

[[package]]
name = "anyhow"
version = "1.0.66"
source = "registry+https://github.com/rust-lang/crates.io-index"
checksum = "216261ddc8289130e551ddcd5ce8a064710c0d064a4d2895c67151c92b5443f6"

[[package]]
name = "atty"
version = "0.2.14"
source = "registry+https://github.com/rust-lang/crates.io-index"
checksum = "d9b39be18770d11421cdb1b9947a45dd3f37e93092cbf377614828a319d5fee8"
dependencies = [
 "hermit-abi 0.1.19",
 "libc",
 "winapi",
]

[[package]]
name = "autocfg"
version = "1.0.1"
source = "registry+https://github.com/rust-lang/crates.io-index"
checksum = "cdb031dd78e28731d87d56cc8ffef4a8f36ca26c38fe2de700543e627f8a464a"

[[package]]
name = "backtrace"
version = "0.3.61"
source = "registry+https://github.com/rust-lang/crates.io-index"
checksum = "e7a905d892734eea339e896738c14b9afce22b5318f64b951e70bf3844419b01"
dependencies = [
 "addr2line",
 "cc",
 "cfg-if",
 "libc",
 "miniz_oxide",
 "object",
 "rustc-demangle",
]

[[package]]
name = "bit-set"
version = "0.5.2"
source = "registry+https://github.com/rust-lang/crates.io-index"
checksum = "6e11e16035ea35e4e5997b393eacbf6f63983188f7a2ad25bfb13465f5ad59de"
dependencies = [
 "bit-vec",
]

[[package]]
name = "bit-vec"
version = "0.6.3"
source = "registry+https://github.com/rust-lang/crates.io-index"
checksum = "349f9b6a179ed607305526ca489b34ad0a41aed5f7980fa90eb03160b69598fb"

[[package]]
name = "bitflags"
version = "1.3.2"
source = "registry+https://github.com/rust-lang/crates.io-index"
checksum = "bef38d45163c2f1dde094a7dfd33ccf595c92905c8f8f4fdc18d06fb1037718a"

[[package]]
name = "booleanium"
version = "0.1.0"
dependencies = [
 "clap",
 "cryptominisat",
 "derivative",
 "miette",
 "ordered-float 3.4.0",
 "proptest",
 "thiserror",
 "tracing",
 "tracing-subscriber",
 "varisat",
]

[[package]]
name = "byteorder"
version = "1.4.3"
source = "registry+https://github.com/rust-lang/crates.io-index"
checksum = "14c189c53d098945499cdfa7ecc63567cf3886b3332b312a5b4585d8d3a6a610"

[[package]]
name = "cc"
version = "1.0.71"
source = "registry+https://github.com/rust-lang/crates.io-index"
checksum = "79c2681d6594606957bbb8631c4b90a7fcaaa72cdb714743a437b156d6a7eedd"

[[package]]
name = "cfg-if"
version = "1.0.0"
source = "registry+https://github.com/rust-lang/crates.io-index"
checksum = "baf1de4339761588bc0619e3cbc0120ee582ebb74b53b4efbf79117bd2da40fd"

[[package]]
name = "clap"
version = "4.1.4"
source = "registry+https://github.com/rust-lang/crates.io-index"
checksum = "f13b9c79b5d1dd500d20ef541215a6423c75829ef43117e1b4d17fd8af0b5d76"
dependencies = [
 "bitflags",
 "clap_derive",
 "clap_lex",
 "is-terminal",
 "once_cell",
 "strsim",
 "termcolor",
]

[[package]]
name = "clap_derive"
version = "4.1.0"
source = "registry+https://github.com/rust-lang/crates.io-index"
checksum = "684a277d672e91966334af371f1a7b5833f9aa00b07c84e92fbce95e00208ce8"
dependencies = [
 "heck",
 "proc-macro-error",
 "proc-macro2",
 "quote",
 "syn",
]

[[package]]
name = "clap_lex"
version = "0.3.1"
source = "registry+https://github.com/rust-lang/crates.io-index"
checksum = "783fe232adfca04f90f56201b26d79682d4cd2625e0bc7290b95123afe558ade"
dependencies = [
 "os_str_bytes",
]

[[package]]
name = "cmake"
version = "0.1.46"
source = "registry+https://github.com/rust-lang/crates.io-index"
checksum = "b7b858541263efe664aead4a5209a4ae5c5d2811167d4ed4ee0944503f8d2089"
dependencies = [
 "cc",
]

[[package]]
name = "cryptominisat"
version = "5.8.0"
source = "registry+https://github.com/rust-lang/crates.io-index"
checksum = "7a49589484de3ec90c080df2c415d816e16712502fdb080920a01b3866bab997"
dependencies = [
 "cmake",
 "libc",
]

[[package]]
name = "derivative"
version = "2.2.0"
source = "registry+https://github.com/rust-lang/crates.io-index"
checksum = "fcc3dd5e9e9c0b295d6e1e4d811fb6f157d5ffd784b8d202fc62eac8035a770b"
dependencies = [
 "proc-macro2",
 "quote",
 "syn",
]

[[package]]
name = "errno"
version = "0.2.8"
source = "registry+https://github.com/rust-lang/crates.io-index"
checksum = "f639046355ee4f37944e44f60642c6f3a7efa3cf6b78c78a0d989a8ce6c396a1"
dependencies = [
 "errno-dragonfly",
 "libc",
 "winapi",
]

[[package]]
name = "errno-dragonfly"
version = "0.1.2"
source = "registry+https://github.com/rust-lang/crates.io-index"
checksum = "aa68f1b12764fab894d2755d2518754e71b4fd80ecfb822714a1206c2aab39bf"
dependencies = [
 "cc",
 "libc",
]

[[package]]
name = "fastrand"
version = "1.7.0"
source = "registry+https://github.com/rust-lang/crates.io-index"
checksum = "c3fcf0cee53519c866c09b5de1f6c56ff9d647101f81c1964fa632e148896cdf"
dependencies = [
 "instant",
]

[[package]]
name = "fnv"
version = "1.0.7"
source = "registry+https://github.com/rust-lang/crates.io-index"
checksum = "3f9eec918d3f24069decb9af1554cad7c880e2da24a9afd88aca000531ab82c1"

[[package]]
name = "getrandom"
version = "0.2.6"
source = "registry+https://github.com/rust-lang/crates.io-index"
checksum = "9be70c98951c83b8d2f8f60d7065fa6d5146873094452a1008da8c2f1e4205ad"
dependencies = [
 "cfg-if",
 "libc",
 "wasi",
]

[[package]]
name = "gimli"
version = "0.25.0"
source = "registry+https://github.com/rust-lang/crates.io-index"
checksum = "f0a01e0497841a3b2db4f8afa483cce65f7e96a3498bd6c541734792aeac8fe7"

[[package]]
name = "heck"
version = "0.4.1"
source = "registry+https://github.com/rust-lang/crates.io-index"
checksum = "95505c38b4572b2d910cecb0281560f54b440a19336cbbcb27bf6ce6adc6f5a8"

[[package]]
name = "hermit-abi"
version = "0.1.19"
source = "registry+https://github.com/rust-lang/crates.io-index"
checksum = "62b467343b94ba476dcb2500d242dadbb39557df889310ac77c5d99100aaac33"
dependencies = [
 "libc",
]

[[package]]
name = "hermit-abi"
version = "0.2.6"
source = "registry+https://github.com/rust-lang/crates.io-index"
checksum = "ee512640fe35acbfb4bb779db6f0d80704c2cacfa2e39b601ef3e3f47d1ae4c7"
dependencies = [
 "libc",
]

[[package]]
name = "instant"
version = "0.1.12"
source = "registry+https://github.com/rust-lang/crates.io-index"
checksum = "7a5bbe824c507c5da5956355e86a746d82e0e1464f65d862cc5e71da70e94b2c"
dependencies = [
 "cfg-if",
]

[[package]]
name = "io-lifetimes"
version = "1.0.4"
source = "registry+https://github.com/rust-lang/crates.io-index"
checksum = "e7d6c6f8c91b4b9ed43484ad1a938e393caf35960fce7f82a040497207bd8e9e"
dependencies = [
 "libc",
 "windows-sys",
]

[[package]]
name = "is-terminal"
version = "0.4.2"
source = "registry+https://github.com/rust-lang/crates.io-index"
checksum = "28dfb6c8100ccc63462345b67d1bbc3679177c75ee4bf59bf29c8b1d110b8189"
dependencies = [
 "hermit-abi 0.2.6",
 "io-lifetimes",
 "rustix",
 "windows-sys",
]

[[package]]
name = "is_ci"
version = "1.1.1"
source = "registry+https://github.com/rust-lang/crates.io-index"
checksum = "616cde7c720bb2bb5824a224687d8f77bfd38922027f01d825cd7453be5099fb"

[[package]]
name = "itoa"
version = "0.4.8"
source = "registry+https://github.com/rust-lang/crates.io-index"
checksum = "b71991ff56294aa922b450139ee08b3bfc70982c6b2c7562771375cf73542dd4"

[[package]]
name = "lazy_static"
version = "1.4.0"
source = "registry+https://github.com/rust-lang/crates.io-index"
checksum = "e2abad23fbc42b3700f2f279844dc832adb2b2eb069b2df918f455c4e18cc646"

[[package]]
name = "leb128"
version = "0.2.5"
source = "registry+https://github.com/rust-lang/crates.io-index"
checksum = "884e2677b40cc8c339eaefcb701c32ef1fd2493d71118dc0ca4b6a736c93bd67"

[[package]]
name = "libc"
version = "0.2.139"
source = "registry+https://github.com/rust-lang/crates.io-index"
checksum = "201de327520df007757c1f0adce6e827fe8562fbc28bfd9c15571c66ca1f5f79"

[[package]]
name = "linux-raw-sys"
version = "0.1.4"
source = "registry+https://github.com/rust-lang/crates.io-index"
checksum = "f051f77a7c8e6957c0696eac88f26b0117e54f52d3fc682ab19397a8812846a4"

[[package]]
name = "log"
version = "0.4.17"
source = "registry+https://github.com/rust-lang/crates.io-index"
checksum = "abb12e687cfb44aa40f41fc3978ef76448f9b6038cad6aef4259d3c095a2382e"
dependencies = [
 "cfg-if",
]

[[package]]
name = "matchers"
version = "0.1.0"
source = "registry+https://github.com/rust-lang/crates.io-index"
checksum = "8263075bb86c5a1b1427b5ae862e8889656f126e9f77c484496e8b47cf5c5558"
dependencies = [
 "regex-automata",
]

[[package]]
name = "memchr"
version = "2.4.1"
source = "registry+https://github.com/rust-lang/crates.io-index"
checksum = "308cc39be01b73d0d18f82a0e7b2a3df85245f84af96fdddc5d202d27e47b86a"

[[package]]
name = "miette"
version = "5.5.0"
source = "registry+https://github.com/rust-lang/crates.io-index"
checksum = "4afd9b301defa984bbdbe112b4763e093ed191750a0d914a78c1106b2d0fe703"
dependencies = [
 "atty",
 "backtrace",
 "miette-derive",
 "once_cell",
 "owo-colors",
 "supports-color",
 "supports-hyperlinks",
 "supports-unicode",
 "terminal_size",
 "textwrap",
 "thiserror",
 "unicode-width",
]

[[package]]
name = "miette-derive"
version = "5.5.0"
source = "registry+https://github.com/rust-lang/crates.io-index"
checksum = "97c2401ab7ac5282ca5c8b518a87635b1a93762b0b90b9990c509888eeccba29"
dependencies = [
 "proc-macro2",
 "quote",
 "syn",
]

[[package]]
name = "miniz_oxide"
version = "0.4.4"
source = "registry+https://github.com/rust-lang/crates.io-index"
checksum = "a92518e98c078586bc6c934028adcca4c92a53d6a958196de835170a01d84e4b"
dependencies = [
 "adler",
 "autocfg",
]

[[package]]
name = "nu-ansi-term"
version = "0.46.0"
source = "registry+https://github.com/rust-lang/crates.io-index"
checksum = "77a8165726e8236064dbb45459242600304b42a5ea24ee2948e18e023bf7ba84"
dependencies = [
 "overload",
 "winapi",
]

[[package]]
name = "num-traits"
version = "0.2.15"
source = "registry+https://github.com/rust-lang/crates.io-index"
checksum = "578ede34cf02f8924ab9447f50c28075b4d3e5b269972345e7e0372b38c6cdcd"
dependencies = [
 "autocfg",
]

[[package]]
name = "object"
version = "0.26.2"
source = "registry+https://github.com/rust-lang/crates.io-index"
checksum = "39f37e50073ccad23b6d09bcb5b263f4e76d3bb6038e4a3c08e52162ffa8abc2"
dependencies = [
 "memchr",
]

[[package]]
name = "once_cell"
version = "1.16.0"
source = "registry+https://github.com/rust-lang/crates.io-index"
checksum = "86f0b0d4bf799edbc74508c1e8bf170ff5f41238e5f8225603ca7caaae2b7860"

[[package]]
name = "ordered-float"
version = "2.10.0"
source = "registry+https://github.com/rust-lang/crates.io-index"
checksum = "7940cf2ca942593318d07fcf2596cdca60a85c9e7fab408a5e21a4f9dcd40d87"
dependencies = [
 "num-traits",
]

[[package]]
name = "ordered-float"
version = "3.4.0"
source = "registry+https://github.com/rust-lang/crates.io-index"
checksum = "d84eb1409416d254e4a9c8fa56cc24701755025b458f0fcd8e59e1f5f40c23bf"
dependencies = [
 "num-traits",
]

[[package]]
name = "os_str_bytes"
version = "6.4.1"
source = "registry+https://github.com/rust-lang/crates.io-index"
checksum = "9b7820b9daea5457c9f21c69448905d723fbd21136ccf521748f23fd49e723ee"

[[package]]
name = "overload"
version = "0.1.1"
source = "registry+https://github.com/rust-lang/crates.io-index"
checksum = "b15813163c1d831bf4a13c3610c05c0d03b39feb07f7e09fa234dac9b15aaf39"

[[package]]
name = "owo-colors"
version = "3.4.0"
source = "registry+https://github.com/rust-lang/crates.io-index"
checksum = "decf7381921fea4dcb2549c5667eda59b3ec297ab7e2b5fc33eac69d2e7da87b"

[[package]]
name = "partial_ref"
version = "0.3.3"
source = "registry+https://github.com/rust-lang/crates.io-index"
checksum = "0f728bc9b1479656e40cba507034904a8c44027c0efdbbaf6a4bdc5f2d3a910c"
dependencies = [
 "partial_ref_derive",
]

[[package]]
name = "partial_ref_derive"
version = "0.3.3"
source = "registry+https://github.com/rust-lang/crates.io-index"
checksum = "300e1d2cb5b898b5a5342e994e0d0c367dbfe69cbf717cd307045ec9fb057581"
dependencies = [
 "proc-macro2",
 "quote",
 "syn",
]

[[package]]
name = "pin-project-lite"
version = "0.2.9"
source = "registry+https://github.com/rust-lang/crates.io-index"
checksum = "e0a7ae3ac2f1173085d398531c705756c94a4c56843785df85a60c1a0afac116"

[[package]]
name = "ppv-lite86"
version = "0.2.16"
source = "registry+https://github.com/rust-lang/crates.io-index"
checksum = "eb9f9e6e233e5c4a35559a617bf40a4ec447db2e84c20b55a6f83167b7e57872"

[[package]]
name = "proc-macro-error"
version = "1.0.4"
source = "registry+https://github.com/rust-lang/crates.io-index"
checksum = "da25490ff9892aab3fcf7c36f08cfb902dd3e71ca0f9f9517bea02a73a5ce38c"
dependencies = [
 "proc-macro-error-attr",
 "proc-macro2",
 "quote",
 "syn",
 "version_check",
]

[[package]]
name = "proc-macro-error-attr"
version = "1.0.4"
source = "registry+https://github.com/rust-lang/crates.io-index"
checksum = "a1be40180e52ecc98ad80b184934baf3d0d29f979574e439af5a55274b35f869"
dependencies = [
 "proc-macro2",
 "quote",
 "version_check",
]

[[package]]
name = "proc-macro2"
version = "1.0.47"
source = "registry+https://github.com/rust-lang/crates.io-index"
checksum = "5ea3d908b0e36316caf9e9e2c4625cdde190a7e6f440d794667ed17a1855e725"
dependencies = [
 "unicode-ident",
]

[[package]]
name = "proptest"
version = "1.0.0"
source = "registry+https://github.com/rust-lang/crates.io-index"
checksum = "1e0d9cc07f18492d879586c92b485def06bc850da3118075cd45d50e9c95b0e5"
dependencies = [
 "bit-set",
 "bitflags",
 "byteorder",
 "lazy_static",
 "num-traits",
 "quick-error 2.0.1",
 "rand",
 "rand_chacha",
 "rand_xorshift",
 "regex-syntax",
 "rusty-fork",
 "tempfile",
]

[[package]]
name = "quick-error"
version = "1.2.3"
source = "registry+https://github.com/rust-lang/crates.io-index"
checksum = "a1d01941d82fa2ab50be1e79e6714289dd7cde78eba4c074bc5a4374f650dfe0"

[[package]]
name = "quick-error"
version = "2.0.1"
source = "registry+https://github.com/rust-lang/crates.io-index"
checksum = "a993555f31e5a609f617c12db6250dedcac1b0a85076912c436e6fc9b2c8e6a3"

[[package]]
name = "quote"
version = "1.0.10"
source = "registry+https://github.com/rust-lang/crates.io-index"
checksum = "38bc8cc6a5f2e3655e0899c1b848643b2562f853f114bfec7be120678e3ace05"
dependencies = [
 "proc-macro2",
]

[[package]]
name = "rand"
version = "0.8.5"
source = "registry+https://github.com/rust-lang/crates.io-index"
checksum = "34af8d1a0e25924bc5b7c43c079c942339d8f0a8b57c39049bef581b46327404"
dependencies = [
 "libc",
 "rand_chacha",
 "rand_core",
]

[[package]]
name = "rand_chacha"
version = "0.3.1"
source = "registry+https://github.com/rust-lang/crates.io-index"
checksum = "e6c10a63a0fa32252be49d21e7709d4d4baf8d231c2dbce1eaa8141b9b127d88"
dependencies = [
 "ppv-lite86",
 "rand_core",
]

[[package]]
name = "rand_core"
version = "0.6.3"
source = "registry+https://github.com/rust-lang/crates.io-index"
checksum = "d34f1408f55294453790c48b2f1ebbb1c5b4b7563eb1f418bcfcfdbb06ebb4e7"
dependencies = [
 "getrandom",
]

[[package]]
name = "rand_xorshift"
version = "0.3.0"
source = "registry+https://github.com/rust-lang/crates.io-index"
checksum = "d25bf25ec5ae4a3f1b92f929810509a2f53d7dca2f50b794ff57e3face536c8f"
dependencies = [
 "rand_core",
]

[[package]]
name = "redox_syscall"
version = "0.2.13"
source = "registry+https://github.com/rust-lang/crates.io-index"
checksum = "62f25bc4c7e55e0b0b7a1d43fb893f4fa1361d0abe38b9ce4f323c2adfe6ef42"
dependencies = [
 "bitflags",
]

[[package]]
name = "regex"
version = "1.5.4"
source = "registry+https://github.com/rust-lang/crates.io-index"
checksum = "d07a8629359eb56f1e2fb1652bb04212c072a87ba68546a04065d525673ac461"
dependencies = [
 "aho-corasick",
 "memchr",
 "regex-syntax",
]

[[package]]
name = "regex-automata"
version = "0.1.10"
source = "registry+https://github.com/rust-lang/crates.io-index"
checksum = "6c230d73fb8d8c1b9c0b3135c5142a8acee3a0558fb8db5cf1cb65f8d7862132"
dependencies = [
 "regex-syntax",
]

[[package]]
name = "regex-syntax"
version = "0.6.25"
source = "registry+https://github.com/rust-lang/crates.io-index"
checksum = "f497285884f3fcff424ffc933e56d7cbca511def0c9831a7f9b5f6153e3cc89b"

[[package]]
name = "remove_dir_all"
version = "0.5.3"
source = "registry+https://github.com/rust-lang/crates.io-index"
checksum = "3acd125665422973a33ac9d3dd2df85edad0f4ae9b00dafb1a05e43a9f5ef8e7"
dependencies = [
 "winapi",
]

[[package]]
name = "rustc-demangle"
version = "0.1.21"
source = "registry+https://github.com/rust-lang/crates.io-index"
checksum = "7ef03e0a2b150c7a90d01faf6254c9c48a41e95fb2a8c2ac1c6f0d2b9aefc342"

[[package]]
name = "rustc-hash"
version = "1.1.0"
source = "registry+https://github.com/rust-lang/crates.io-index"
checksum = "08d43f7aa6b08d49f382cde6a7982047c3426db949b1424bc4b7ec9ae12c6ce2"

[[package]]
name = "rustix"
version = "0.36.7"
source = "registry+https://github.com/rust-lang/crates.io-index"
checksum = "d4fdebc4b395b7fbb9ab11e462e20ed9051e7b16e42d24042c776eca0ac81b03"
dependencies = [
 "bitflags",
 "errno",
 "io-lifetimes",
 "libc",
 "linux-raw-sys",
 "windows-sys",
]

[[package]]
name = "rusty-fork"
version = "0.3.0"
source = "registry+https://github.com/rust-lang/crates.io-index"
checksum = "cb3dcc6e454c328bb824492db107ab7c0ae8fcffe4ad210136ef014458c1bc4f"
dependencies = [
 "fnv",
 "quick-error 1.2.3",
 "tempfile",
 "wait-timeout",
]

[[package]]
name = "serde"
version = "1.0.136"
source = "registry+https://github.com/rust-lang/crates.io-index"
checksum = "ce31e24b01e1e524df96f1c2fdd054405f8d7376249a5110886fb4b658484789"
dependencies = [
 "serde_derive",
]

[[package]]
name = "serde_derive"
version = "1.0.136"
source = "registry+https://github.com/rust-lang/crates.io-index"
checksum = "08597e7152fcd306f41838ed3e37be9eaeed2b61c42e2117266a554fab4662f9"
dependencies = [
 "proc-macro2",
 "quote",
 "syn",
]

[[package]]
name = "sharded-slab"
version = "0.1.4"
source = "registry+https://github.com/rust-lang/crates.io-index"
checksum = "900fba806f70c630b0a382d0d825e17a0f19fcd059a2ade1ff237bcddf446b31"
dependencies = [
 "lazy_static",
]

[[package]]
name = "smallvec"
version = "1.10.0"
source = "registry+https://github.com/rust-lang/crates.io-index"
checksum = "a507befe795404456341dfab10cef66ead4c041f62b8b11bbb92bffe5d0953e0"

[[package]]
name = "smawk"
version = "0.3.1"
source = "registry+https://github.com/rust-lang/crates.io-index"
checksum = "f67ad224767faa3c7d8b6d91985b78e70a1324408abcb1cfcc2be4c06bc06043"

[[package]]
name = "strsim"
version = "0.10.0"
source = "registry+https://github.com/rust-lang/crates.io-index"
checksum = "73473c0e59e6d5812c5dfe2a064a6444949f089e20eec9a2e5506596494e4623"

[[package]]
name = "supports-color"
version = "1.3.0"
source = "registry+https://github.com/rust-lang/crates.io-index"
checksum = "4872ced36b91d47bae8a214a683fe54e7078875b399dfa251df346c9b547d1f9"
dependencies = [
 "atty",
 "is_ci",
]

[[package]]
name = "supports-hyperlinks"
version = "1.2.0"
source = "registry+https://github.com/rust-lang/crates.io-index"
checksum = "590b34f7c5f01ecc9d78dba4b3f445f31df750a67621cf31626f3b7441ce6406"
dependencies = [
 "atty",
]

[[package]]
name = "supports-unicode"
version = "1.0.2"
source = "registry+https://github.com/rust-lang/crates.io-index"
checksum = "a8b945e45b417b125a8ec51f1b7df2f8df7920367700d1f98aedd21e5735f8b2"
dependencies = [
 "atty",
]

[[package]]
name = "syn"
version = "1.0.103"
source = "registry+https://github.com/rust-lang/crates.io-index"
checksum = "a864042229133ada95abf3b54fdc62ef5ccabe9515b64717bcb9a1919e59445d"
dependencies = [
 "proc-macro2",
 "quote",
 "unicode-ident",
]

[[package]]
name = "synstructure"
version = "0.12.6"
source = "registry+https://github.com/rust-lang/crates.io-index"
checksum = "f36bdaa60a83aca3921b5259d5400cbf5e90fc51931376a9bd4a0eb79aa7210f"
dependencies = [
 "proc-macro2",
 "quote",
 "syn",
 "unicode-xid",
]

[[package]]
name = "tempfile"
version = "3.3.0"
source = "registry+https://github.com/rust-lang/crates.io-index"
checksum = "5cdb1ef4eaeeaddc8fbd371e5017057064af0911902ef36b39801f67cc6d79e4"
dependencies = [
 "cfg-if",
 "fastrand",
 "libc",
 "redox_syscall",
 "remove_dir_all",
 "winapi",
]

[[package]]
name = "termcolor"
version = "1.2.0"
source = "registry+https://github.com/rust-lang/crates.io-index"
checksum = "be55cf8942feac5c765c2c993422806843c9a9a45d4d5c407ad6dd2ea95eb9b6"
dependencies = [
 "winapi-util",
]

[[package]]
name = "terminal_size"
version = "0.1.17"
source = "registry+https://github.com/rust-lang/crates.io-index"
checksum = "633c1a546cee861a1a6d0dc69ebeca693bf4296661ba7852b9d21d159e0506df"
dependencies = [
 "libc",
 "winapi",
]

[[package]]
name = "textwrap"
version = "0.15.0"
source = "registry+https://github.com/rust-lang/crates.io-index"
checksum = "b1141d4d61095b28419e22cb0bbf02755f5e54e0526f97f1e3d1d160e60885fb"
dependencies = [
 "smawk",
 "unicode-linebreak",
 "unicode-width",
]

[[package]]
name = "thiserror"
version = "1.0.30"
source = "registry+https://github.com/rust-lang/crates.io-index"
checksum = "854babe52e4df1653706b98fcfc05843010039b406875930a70e4d9644e5c417"
dependencies = [
 "thiserror-impl",
]

[[package]]
name = "thiserror-impl"
version = "1.0.30"
source = "registry+https://github.com/rust-lang/crates.io-index"
checksum = "aa32fd3f627f367fe16f893e2597ae3c05020f8bba2666a4e6ea73d377e5714b"
dependencies = [
 "proc-macro2",
 "quote",
 "syn",
]

[[package]]
name = "thread_local"
version = "1.1.4"
source = "registry+https://github.com/rust-lang/crates.io-index"
checksum = "5516c27b78311c50bf42c071425c560ac799b11c30b31f87e3081965fe5e0180"
dependencies = [
 "once_cell",
]

[[package]]
name = "tracing"
version = "0.1.37"
source = "registry+https://github.com/rust-lang/crates.io-index"
checksum = "8ce8c33a8d48bd45d624a6e523445fd21ec13d3653cd51f681abf67418f54eb8"
dependencies = [
 "cfg-if",
 "pin-project-lite",
 "tracing-attributes",
 "tracing-core",
]

[[package]]
name = "tracing-attributes"
version = "0.1.23"
source = "registry+https://github.com/rust-lang/crates.io-index"
checksum = "4017f8f45139870ca7e672686113917c71c7a6e02d4924eda67186083c03081a"
dependencies = [
 "proc-macro2",
 "quote",
 "syn",
]

[[package]]
name = "tracing-core"
version = "0.1.30"
source = "registry+https://github.com/rust-lang/crates.io-index"
checksum = "24eb03ba0eab1fd845050058ce5e616558e8f8d8fca633e6b163fe25c797213a"
dependencies = [
 "once_cell",
 "valuable",
]

[[package]]
name = "tracing-log"
version = "0.1.3"
source = "registry+https://github.com/rust-lang/crates.io-index"
checksum = "78ddad33d2d10b1ed7eb9d1f518a5674713876e97e5bb9b7345a7984fbb4f922"
dependencies = [
 "lazy_static",
 "log",
 "tracing-core",
]

[[package]]
name = "tracing-subscriber"
version = "0.3.16"
source = "registry+https://github.com/rust-lang/crates.io-index"
checksum = "a6176eae26dd70d0c919749377897b54a9276bd7061339665dd68777926b5a70"
dependencies = [
 "matchers",
 "nu-ansi-term",
 "once_cell",
 "regex",
 "sharded-slab",
 "smallvec",
 "thread_local",
 "tracing",
 "tracing-core",
 "tracing-log",
]

[[package]]
name = "unicode-ident"
version = "1.0.5"
source = "registry+https://github.com/rust-lang/crates.io-index"
checksum = "6ceab39d59e4c9499d4e5a8ee0e2735b891bb7308ac83dfb4e80cad195c9f6f3"

[[package]]
name = "unicode-linebreak"
version = "0.1.2"
source = "registry+https://github.com/rust-lang/crates.io-index"
checksum = "3a52dcaab0c48d931f7cc8ef826fa51690a08e1ea55117ef26f89864f532383f"
dependencies = [
 "regex",
]

[[package]]
name = "unicode-width"
version = "0.1.9"
source = "registry+https://github.com/rust-lang/crates.io-index"
checksum = "3ed742d4ea2bd1176e236172c8429aaf54486e7ac098db29ffe6529e0ce50973"

[[package]]
name = "unicode-xid"
version = "0.2.2"
source = "registry+https://github.com/rust-lang/crates.io-index"
checksum = "8ccb82d61f80a663efe1f787a51b16b5a51e3314d6ac365b08639f52387b33f3"

[[package]]
name = "valuable"
version = "0.1.0"
source = "registry+https://github.com/rust-lang/crates.io-index"
checksum = "830b7e5d4d90034032940e4ace0d9a9a057e7a45cd94e6c007832e39edb82f6d"

[[package]]
name = "varisat"
version = "0.2.2"
source = "registry+https://github.com/rust-lang/crates.io-index"
checksum = "ebe609851d1e9196674ac295f656bd8601200a1077343d22b345013497807caf"
dependencies = [
 "anyhow",
 "itoa",
 "leb128",
 "log",
 "ordered-float 2.10.0",
 "partial_ref",
 "rustc-hash",
 "serde",
 "thiserror",
 "varisat-checker",
 "varisat-dimacs",
 "varisat-formula",
 "varisat-internal-macros",
 "varisat-internal-proof",
 "vec_mut_scan",
]

[[package]]
name = "varisat-checker"
version = "0.2.2"
source = "registry+https://github.com/rust-lang/crates.io-index"
checksum = "135c977c5913ed6e98f6b81b8e4d322211303b7d40dae773caef7ad1de6c763b"
dependencies = [
 "anyhow",
 "log",
 "partial_ref",
 "rustc-hash",
 "smallvec",
 "thiserror",
 "varisat-dimacs",
 "varisat-formula",
 "varisat-internal-proof",
]

[[package]]
name = "varisat-dimacs"
version = "0.2.2"
source = "registry+https://github.com/rust-lang/crates.io-index"
checksum = "3d1dee4e21be1f04c0a939f7ae710cced47233a578de08a1b3c7d50848402636"
dependencies = [
 "anyhow",
 "itoa",
 "thiserror",
 "varisat-formula",
]

[[package]]
name = "varisat-formula"
version = "0.2.2"
source = "registry+https://github.com/rust-lang/crates.io-index"
checksum = "395c5543b9bfd9076d6d3af49d6c34a4b91b0b355998c0a5ec6ed7265d364520"

[[package]]
name = "varisat-internal-macros"
version = "0.2.2"
source = "registry+https://github.com/rust-lang/crates.io-index"
checksum = "602ece773543d066aa7848455486c6c0422a3f214da7a2b899100f3c4f12408d"
dependencies = [
 "proc-macro2",
 "quote",
 "regex",
 "syn",
 "synstructure",
]

[[package]]
name = "varisat-internal-proof"
version = "0.2.2"
source = "registry+https://github.com/rust-lang/crates.io-index"
checksum = "6163bb7bc9018af077b76d64f976803d141c36a27d640f1437dddc4fd527d207"
dependencies = [
 "anyhow",
 "varisat-formula",
]

[[package]]
name = "vec_mut_scan"
version = "0.3.0"
source = "registry+https://github.com/rust-lang/crates.io-index"
checksum = "68ed610a8d5e63d9c0e31300e8fdb55104c5f21e422743a9dc74848fa8317fd2"

[[package]]
name = "version_check"
version = "0.9.4"
source = "registry+https://github.com/rust-lang/crates.io-index"
checksum = "49874b5167b65d7193b8aba1567f5c7d93d001cafc34600cee003eda787e483f"

[[package]]
name = "wait-timeout"
version = "0.2.0"
source = "registry+https://github.com/rust-lang/crates.io-index"
checksum = "9f200f5b12eb75f8c1ed65abd4b2db8a6e1b138a20de009dacee265a2498f3f6"
dependencies = [
 "libc",
]

[[package]]
name = "wasi"
version = "0.10.2+wasi-snapshot-preview1"
source = "registry+https://github.com/rust-lang/crates.io-index"
checksum = "fd6fbd9a79829dd1ad0cc20627bf1ed606756a7f77edff7b66b7064f9cb327c6"

[[package]]
name = "winapi"
version = "0.3.9"
source = "registry+https://github.com/rust-lang/crates.io-index"
checksum = "5c839a674fcd7a98952e593242ea400abe93992746761e38641405d28b00f419"
dependencies = [
 "winapi-i686-pc-windows-gnu",
 "winapi-x86_64-pc-windows-gnu",
]

[[package]]
name = "winapi-i686-pc-windows-gnu"
version = "0.4.0"
source = "registry+https://github.com/rust-lang/crates.io-index"
checksum = "ac3b87c63620426dd9b991e5ce0329eff545bccbbb34f3be09ff6fb6ab51b7b6"

[[package]]
name = "winapi-util"
version = "0.1.5"
source = "registry+https://github.com/rust-lang/crates.io-index"
checksum = "70ec6ce85bb158151cae5e5c87f95a8e97d2c0c4b001223f33a334e3ce5de178"
dependencies = [
 "winapi",
]

[[package]]
name = "winapi-x86_64-pc-windows-gnu"
version = "0.4.0"
source = "registry+https://github.com/rust-lang/crates.io-index"
checksum = "712e227841d057c1ee1cd2fb22fa7e5a5461ae8e48fa2ca79ec42cfc1931183f"

[[package]]
name = "windows-sys"
version = "0.42.0"
source = "registry+https://github.com/rust-lang/crates.io-index"
checksum = "5a3e1820f08b8513f676f7ab6c1f99ff312fb97b553d30ff4dd86f9f15728aa7"
dependencies = [
 "windows_aarch64_gnullvm",
 "windows_aarch64_msvc",
 "windows_i686_gnu",
 "windows_i686_msvc",
 "windows_x86_64_gnu",
 "windows_x86_64_gnullvm",
 "windows_x86_64_msvc",
]

[[package]]
name = "windows_aarch64_gnullvm"
version = "0.42.1"
source = "registry+https://github.com/rust-lang/crates.io-index"
checksum = "8c9864e83243fdec7fc9c5444389dcbbfd258f745e7853198f365e3c4968a608"

[[package]]
name = "windows_aarch64_msvc"
version = "0.42.1"
source = "registry+https://github.com/rust-lang/crates.io-index"
checksum = "4c8b1b673ffc16c47a9ff48570a9d85e25d265735c503681332589af6253c6c7"

[[package]]
name = "windows_i686_gnu"
version = "0.42.1"
source = "registry+https://github.com/rust-lang/crates.io-index"
checksum = "de3887528ad530ba7bdbb1faa8275ec7a1155a45ffa57c37993960277145d640"

[[package]]
name = "windows_i686_msvc"
version = "0.42.1"
source = "registry+https://github.com/rust-lang/crates.io-index"
checksum = "bf4d1122317eddd6ff351aa852118a2418ad4214e6613a50e0191f7004372605"

[[package]]
name = "windows_x86_64_gnu"
version = "0.42.1"
source = "registry+https://github.com/rust-lang/crates.io-index"
checksum = "c1040f221285e17ebccbc2591ffdc2d44ee1f9186324dd3e84e99ac68d699c45"

[[package]]
name = "windows_x86_64_gnullvm"
version = "0.42.1"
source = "registry+https://github.com/rust-lang/crates.io-index"
checksum = "628bfdf232daa22b0d64fdb62b09fcc36bb01f05a3939e20ab73aaf9470d0463"

[[package]]
name = "windows_x86_64_msvc"
version = "0.42.1"
source = "registry+https://github.com/rust-lang/crates.io-index"
checksum = "447660ad36a13288b1db4d4248e857b510e8c3a225c822ba4fb748c0aafecffd"
